
Microsoft Visual Studio Solution File, Format Version 12.00
# Visual Studio Version 17
VisualStudioVersion = 17.5.33530.505
MinimumVisualStudioVersion = 10.0.40219.1
Project("{2150E333-8FDC-42A3-9474-1A3956D46DE8}") = "Solution Items", "Solution Items", "{40EA2099-CEC8-4320-B04B-5C19B353011A}"
EndProject
Project("{2150E333-8FDC-42A3-9474-1A3956D46DE8}") = "Workflows", "Workflows", "{0070E250-98AD-4722-B9B5-22622B1D6A2E}"
	ProjectSection(SolutionItems) = preProject
		.github\workflows\publish-release-patch.yml = .github\workflows\publish-release-patch.yml
	EndProjectSection
EndProject
Project("{54A90642-561A-4BB1-A94E-469ADEE60C69}") = "Jlw.Npm.libJlwUtility", "Jlw.Npm.libJlwUtility.esproj", "{AFB13FB0-15DB-486B-9C95-8D08EB5EB9A3}"
EndProject
Global
	GlobalSection(SolutionConfigurationPlatforms) = preSolution
		Debug|Any CPU = Debug|Any CPU
		Release|Any CPU = Release|Any CPU
	EndGlobalSection
	GlobalSection(ProjectConfigurationPlatforms) = postSolution
		{AFB13FB0-15DB-486B-9C95-8D08EB5EB9A3}.Debug|Any CPU.ActiveCfg = Debug|Any CPU
		{AFB13FB0-15DB-486B-9C95-8D08EB5EB9A3}.Debug|Any CPU.Build.0 = Debug|Any CPU
		{AFB13FB0-15DB-486B-9C95-8D08EB5EB9A3}.Debug|Any CPU.Deploy.0 = Debug|Any CPU
		{AFB13FB0-15DB-486B-9C95-8D08EB5EB9A3}.Release|Any CPU.ActiveCfg = Release|Any CPU
		{AFB13FB0-15DB-486B-9C95-8D08EB5EB9A3}.Release|Any CPU.Build.0 = Release|Any CPU
		{AFB13FB0-15DB-486B-9C95-8D08EB5EB9A3}.Release|Any CPU.Deploy.0 = Release|Any CPU
	EndGlobalSection
	GlobalSection(SolutionProperties) = preSolution
		HideSolutionNode = FALSE
	EndGlobalSection
	GlobalSection(NestedProjects) = preSolution
		{0070E250-98AD-4722-B9B5-22622B1D6A2E} = {40EA2099-CEC8-4320-B04B-5C19B353011A}
		{AFB13FB0-15DB-486B-9C95-8D08EB5EB9A3} = {40EA2099-CEC8-4320-B04B-5C19B353011A}
	EndGlobalSection
	GlobalSection(ExtensibilityGlobals) = postSolution
		SolutionGuid = {BBCCE45F-D7F8-4992-9CE6-1B7986EB513F}
	EndGlobalSection
EndGlobal
